
Microsoft Visual Studio Solution File, Format Version 12.00
# Visual Studio Version 17
VisualStudioVersion = 17.14.36414.22
MinimumVisualStudioVersion = 10.0.40219.1
Project("{2150E333-8FDC-42A3-9474-1A3956D46DE8}") = "Task0", "Task0", "{02EA681E-C7D8-13C7-8484-4AC65E1B71E8}"
EndProject
Project("{FAE04EC0-301F-11D3-BF4B-00C04F79EFBC}") = "Tyuiu.GamaleevaYuA.Sprint3.Task0.V7", "Tyuiu.GamaleevaYuA.Sprint3.Task0.V7\Tyuiu.GamaleevaYuA.Sprint3.Task0.V7.csproj", "{C56A70A2-1BD7-42FF-AABD-F72D661BB394}"
EndProject
Project("{FAE04EC0-301F-11D3-BF4B-00C04F79EFBC}") = "Tyuiu.GamaleevaYuA.Sprint3.Task0.V7.Lib", "Tyuiu.GamaleevaYuA.Sprint3.Task0.V7.Lib\Tyuiu.GamaleevaYuA.Sprint3.Task0.V7.Lib.csproj", "{EBE95CDA-7E6F-4C98-8DE1-94C761D989E2}"
EndProject
Project("{FAE04EC0-301F-11D3-BF4B-00C04F79EFBC}") = "Tyuiu.GamaleevaYuA.Sprint3.Task0.V7.Test", "Tyuiu.GamaleevaYuA.Sprint3.Task0.V7.Test\Tyuiu.GamaleevaYuA.Sprint3.Task0.V7.Test.csproj", "{B201D622-8D34-42E2-BD6C-6F8D0832B4DC}"
EndProject
Project("{2150E333-8FDC-42A3-9474-1A3956D46DE8}") = "Task1", "Task1", "{C8AEAA39-0BB8-4D41-B63F-03CAFEA9BF0A}"
EndProject
Project("{FAE04EC0-301F-11D3-BF4B-00C04F79EFBC}") = "Tyuiu.GamaleevaYuA.Sprint3.Task1.V29", "Tyuiu.GamaleevaYuA.Sprint3.Task1.V29\Tyuiu.GamaleevaYuA.Sprint3.Task1.V29.csproj", "{D5BBDBC3-0B38-4EA8-AE26-F0BFB5760FC7}"
EndProject
Project("{FAE04EC0-301F-11D3-BF4B-00C04F79EFBC}") = "Tyuiu.GamaleevaYuA.Sprint3.Task1.V29.Lib", "Tyuiu.GamaleevaYuA.Sprint3.Task1.V29.Lib\Tyuiu.GamaleevaYuA.Sprint3.Task1.V29.Lib.csproj", "{B5299937-087D-44C4-A71D-4CEB99886295}"
EndProject
Project("{FAE04EC0-301F-11D3-BF4B-00C04F79EFBC}") = "Tyuiu.GamaleevaYuA.Sprint3.Task1.V29.Test", "Tyuiu.GamaleevaYuA.Sprint3.Task1.V29.Test\Tyuiu.GamaleevaYuA.Sprint3.Task1.V29.Test.csproj", "{B0B8083E-F723-42AF-817C-1039A19C182F}"
EndProject
Project("{2150E333-8FDC-42A3-9474-1A3956D46DE8}") = "Task2", "Task2", "{F9FAAD7F-297B-4320-8F7C-EBF7165779A5}"
EndProject
Project("{FAE04EC0-301F-11D3-BF4B-00C04F79EFBC}") = "Tyuiu.GamaleevaYuA.Sprint3.Task2.V8", "Tyuiu.GamaleevaYuA.Sprint3.Task2.V8\Tyuiu.GamaleevaYuA.Sprint3.Task2.V8.csproj", "{979071FD-FAA4-452B-B42F-A38C6B05EB37}"
EndProject
Project("{FAE04EC0-301F-11D3-BF4B-00C04F79EFBC}") = "Tyuiu.GamaleevaYuA.Sprint3.Task2.V8.Lib", "Tyuiu.GamaleevaYuA.Sprint3.Task2.V8.Lib\Tyuiu.GamaleevaYuA.Sprint3.Task2.V8.Lib.csproj", "{6C61DA34-8D2C-4B01-A183-5993CBF28DA9}"
EndProject
Project("{FAE04EC0-301F-11D3-BF4B-00C04F79EFBC}") = "Tyuiu.GamaleevaYuA.Sprint3.Task2.V8.Test", "Tyuiu.GamaleevaYuA.Sprint3.Task2.V8.Test\Tyuiu.GamaleevaYuA.Sprint3.Task2.V8.Test.csproj", "{96B26882-23F5-43AC-B9B7-20DE3C334588}"
EndProject
Project("{2150E333-8FDC-42A3-9474-1A3956D46DE8}") = "Task3", "Task3", "{08462207-7C55-4A4B-93F8-1AFABB9D93BC}"
EndProject
Project("{FAE04EC0-301F-11D3-BF4B-00C04F79EFBC}") = "Tyuiu.GamaleevaYuA.Sprint3.Task3.V10", "Tyuiu.GamaleevaYuA.Sprint3.Task3.V10\Tyuiu.GamaleevaYuA.Sprint3.Task3.V10.csproj", "{F2315360-AAD2-4500-96C8-F33B8CF814F7}"
EndProject
Project("{FAE04EC0-301F-11D3-BF4B-00C04F79EFBC}") = "Tyuiu.GamaleevaYuA.Sprint3.Task3.V10.Lib", "Tyuiu.GamaleevaYuA.Sprint3.Task3.V10.Lib\Tyuiu.GamaleevaYuA.Sprint3.Task3.V10.Lib.csproj", "{0E9B102F-00E2-40ED-B78E-086241F528BB}"
EndProject
Project("{FAE04EC0-301F-11D3-BF4B-00C04F79EFBC}") = "Tyuiu.GamaleevaYuA.Sprint3.Task3.V10.Test", "Tyuiu.GamaleevaYuA.Sprint3.Task3.V10.Test\Tyuiu.GamaleevaYuA.Sprint3.Task3.V10.Test.csproj", "{8F3074E7-A962-460A-81C4-15FE5A031964}"
EndProject
Global
	GlobalSection(SolutionConfigurationPlatforms) = preSolution
		Debug|Any CPU = Debug|Any CPU
		Release|Any CPU = Release|Any CPU
	EndGlobalSection
	GlobalSection(ProjectConfigurationPlatforms) = postSolution
		{C56A70A2-1BD7-42FF-AABD-F72D661BB394}.Debug|Any CPU.ActiveCfg = Debug|Any CPU
		{C56A70A2-1BD7-42FF-AABD-F72D661BB394}.Debug|Any CPU.Build.0 = Debug|Any CPU
		{C56A70A2-1BD7-42FF-AABD-F72D661BB394}.Release|Any CPU.ActiveCfg = Release|Any CPU
		{C56A70A2-1BD7-42FF-AABD-F72D661BB394}.Release|Any CPU.Build.0 = Release|Any CPU
		{EBE95CDA-7E6F-4C98-8DE1-94C761D989E2}.Debug|Any CPU.ActiveCfg = Debug|Any CPU
		{EBE95CDA-7E6F-4C98-8DE1-94C761D989E2}.Debug|Any CPU.Build.0 = Debug|Any CPU
		{EBE95CDA-7E6F-4C98-8DE1-94C761D989E2}.Release|Any CPU.ActiveCfg = Release|Any CPU
		{EBE95CDA-7E6F-4C98-8DE1-94C761D989E2}.Release|Any CPU.Build.0 = Release|Any CPU
		{B201D622-8D34-42E2-BD6C-6F8D0832B4DC}.Debug|Any CPU.ActiveCfg = Debug|Any CPU
		{B201D622-8D34-42E2-BD6C-6F8D0832B4DC}.Debug|Any CPU.Build.0 = Debug|Any CPU
		{B201D622-8D34-42E2-BD6C-6F8D0832B4DC}.Release|Any CPU.ActiveCfg = Release|Any CPU
		{B201D622-8D34-42E2-BD6C-6F8D0832B4DC}.Release|Any CPU.Build.0 = Release|Any CPU
		{D5BBDBC3-0B38-4EA8-AE26-F0BFB5760FC7}.Debug|Any CPU.ActiveCfg = Debug|Any CPU
		{D5BBDBC3-0B38-4EA8-AE26-F0BFB5760FC7}.Debug|Any CPU.Build.0 = Debug|Any CPU
		{D5BBDBC3-0B38-4EA8-AE26-F0BFB5760FC7}.Release|Any CPU.ActiveCfg = Release|Any CPU
		{D5BBDBC3-0B38-4EA8-AE26-F0BFB5760FC7}.Release|Any CPU.Build.0 = Release|Any CPU
		{B5299937-087D-44C4-A71D-4CEB99886295}.Debug|Any CPU.ActiveCfg = Debug|Any CPU
		{B5299937-087D-44C4-A71D-4CEB99886295}.Debug|Any CPU.Build.0 = Debug|Any CPU
		{B5299937-087D-44C4-A71D-4CEB99886295}.Release|Any CPU.ActiveCfg = Release|Any CPU
		{B5299937-087D-44C4-A71D-4CEB99886295}.Release|Any CPU.Build.0 = Release|Any CPU
		{B0B8083E-F723-42AF-817C-1039A19C182F}.Debug|Any CPU.ActiveCfg = Debug|Any CPU
		{B0B8083E-F723-42AF-817C-1039A19C182F}.Debug|Any CPU.Build.0 = Debug|Any CPU
		{B0B8083E-F723-42AF-817C-1039A19C182F}.Release|Any CPU.ActiveCfg = Release|Any CPU
		{B0B8083E-F723-42AF-817C-1039A19C182F}.Release|Any CPU.Build.0 = Release|Any CPU
		{979071FD-FAA4-452B-B42F-A38C6B05EB37}.Debug|Any CPU.ActiveCfg = Debug|Any CPU
		{979071FD-FAA4-452B-B42F-A38C6B05EB37}.Debug|Any CPU.Build.0 = Debug|Any CPU
		{979071FD-FAA4-452B-B42F-A38C6B05EB37}.Release|Any CPU.ActiveCfg = Release|Any CPU
		{979071FD-FAA4-452B-B42F-A38C6B05EB37}.Release|Any CPU.Build.0 = Release|Any CPU
		{6C61DA34-8D2C-4B01-A183-5993CBF28DA9}.Debug|Any CPU.ActiveCfg = Debug|Any CPU
		{6C61DA34-8D2C-4B01-A183-5993CBF28DA9}.Debug|Any CPU.Build.0 = Debug|Any CPU
		{6C61DA34-8D2C-4B01-A183-5993CBF28DA9}.Release|Any CPU.ActiveCfg = Release|Any CPU
		{6C61DA34-8D2C-4B01-A183-5993CBF28DA9}.Release|Any CPU.Build.0 = Release|Any CPU
		{96B26882-23F5-43AC-B9B7-20DE3C334588}.Debug|Any CPU.ActiveCfg = Debug|Any CPU
		{96B26882-23F5-43AC-B9B7-20DE3C334588}.Debug|Any CPU.Build.0 = Debug|Any CPU
		{96B26882-23F5-43AC-B9B7-20DE3C334588}.Release|Any CPU.ActiveCfg = Release|Any CPU
		{96B26882-23F5-43AC-B9B7-20DE3C334588}.Release|Any CPU.Build.0 = Release|Any CPU
		{F2315360-AAD2-4500-96C8-F33B8CF814F7}.Debug|Any CPU.ActiveCfg = Debug|Any CPU
		{F2315360-AAD2-4500-96C8-F33B8CF814F7}.Debug|Any CPU.Build.0 = Debug|Any CPU
		{F2315360-AAD2-4500-96C8-F33B8CF814F7}.Release|Any CPU.ActiveCfg = Release|Any CPU
		{F2315360-AAD2-4500-96C8-F33B8CF814F7}.Release|Any CPU.Build.0 = Release|Any CPU
		{0E9B102F-00E2-40ED-B78E-086241F528BB}.Debug|Any CPU.ActiveCfg = Debug|Any CPU
		{0E9B102F-00E2-40ED-B78E-086241F528BB}.Debug|Any CPU.Build.0 = Debug|Any CPU
		{0E9B102F-00E2-40ED-B78E-086241F528BB}.Release|Any CPU.ActiveCfg = Release|Any CPU
		{0E9B102F-00E2-40ED-B78E-086241F528BB}.Release|Any CPU.Build.0 = Release|Any CPU
		{8F3074E7-A962-460A-81C4-15FE5A031964}.Debug|Any CPU.ActiveCfg = Debug|Any CPU
		{8F3074E7-A962-460A-81C4-15FE5A031964}.Debug|Any CPU.Build.0 = Debug|Any CPU
		{8F3074E7-A962-460A-81C4-15FE5A031964}.Release|Any CPU.ActiveCfg = Release|Any CPU
		{8F3074E7-A962-460A-81C4-15FE5A031964}.Release|Any CPU.Build.0 = Release|Any CPU
	EndGlobalSection
	GlobalSection(SolutionProperties) = preSolution
		HideSolutionNode = FALSE
	EndGlobalSection
	GlobalSection(NestedProjects) = preSolution
		{C56A70A2-1BD7-42FF-AABD-F72D661BB394} = {02EA681E-C7D8-13C7-8484-4AC65E1B71E8}
		{EBE95CDA-7E6F-4C98-8DE1-94C761D989E2} = {02EA681E-C7D8-13C7-8484-4AC65E1B71E8}
		{B201D622-8D34-42E2-BD6C-6F8D0832B4DC} = {02EA681E-C7D8-13C7-8484-4AC65E1B71E8}
		{D5BBDBC3-0B38-4EA8-AE26-F0BFB5760FC7} = {C8AEAA39-0BB8-4D41-B63F-03CAFEA9BF0A}
		{B5299937-087D-44C4-A71D-4CEB99886295} = {C8AEAA39-0BB8-4D41-B63F-03CAFEA9BF0A}
		{B0B8083E-F723-42AF-817C-1039A19C182F} = {C8AEAA39-0BB8-4D41-B63F-03CAFEA9BF0A}
		{979071FD-FAA4-452B-B42F-A38C6B05EB37} = {F9FAAD7F-297B-4320-8F7C-EBF7165779A5}
		{6C61DA34-8D2C-4B01-A183-5993CBF28DA9} = {F9FAAD7F-297B-4320-8F7C-EBF7165779A5}
		{96B26882-23F5-43AC-B9B7-20DE3C334588} = {F9FAAD7F-297B-4320-8F7C-EBF7165779A5}
		{F2315360-AAD2-4500-96C8-F33B8CF814F7} = {08462207-7C55-4A4B-93F8-1AFABB9D93BC}
		{0E9B102F-00E2-40ED-B78E-086241F528BB} = {08462207-7C55-4A4B-93F8-1AFABB9D93BC}
		{8F3074E7-A962-460A-81C4-15FE5A031964} = {08462207-7C55-4A4B-93F8-1AFABB9D93BC}
	EndGlobalSection
	GlobalSection(ExtensibilityGlobals) = postSolution
		SolutionGuid = {A78E3F2B-F081-4DD3-8471-9AECFC050FD8}
	EndGlobalSection
EndGlobal
